{
  "version": 4,
  "terraform_version": "1.3.4",
  "serial": 404,
  "lineage": "75896ad6-5cd4-124c-a52d-2e624e4aa244",
  "outputs": {
    "instance_ip": {
      "value": "",
      "type": "string"
    },
    "sonarqube_instance_ip": {
      "value": "",
      "type": "string"
    }
  },
  "resources": [
    {
      "mode": "data",
      "type": "template_cloudinit_config",
      "name": "grafana_data",
      "provider": "provider[\"registry.terraform.io/hashicorp/template\"]",
      "instances": [
        {
          "schema_version": 0,
          "attributes": {
            "base64_encode": true,
            "gzip": true,
            "id": "818289791",
            "part": [
              {
                "content": "#!/bin/bash\nmkdir /home/ubuntu/grafana",
                "content_type": "text/x-shellscript",
                "filename": "create-folder.sh",
                "merge_type": ""
              },
              {
                "content": "#!/bin/bash\n#Update the apt package index and install packages\nsudo apt-get update\nsudo apt-get -y install \\\n    ca-certificates \\\n    curl \\\n    gnupg \\\n    lsb-release\n# Add Docker’s official GPG key:\nsudo mkdir -p /etc/apt/keyrings\ncurl -fsSL https://download.docker.com/linux/ubuntu/gpg | sudo gpg --dearmor -o /etc/apt/keyrings/docker.gpg\n\n# set up the repository:\necho \\\n  \"deb [arch=$(dpkg --print-architecture) signed-by=/etc/apt/keyrings/docker.gpg] https://download.docker.com/linux/ubuntu \\\n  $(lsb_release -cs) stable\" | sudo tee /etc/apt/sources.list.d/docker.list \u003e /dev/null\n\n#Install Docker Engine\nsudo apt-get update\nsudo apt-get -y install docker-ce docker-ce-cli containerd.io docker-compose-plugin\n\n# Manage Docker as a non-root user\n\n#Create the docker group.\nsudo groupadd docker\n# Add your user to the docker group.\nsudo usermod -aG docker ubuntu",
                "content_type": "text/x-shellscript",
                "filename": "docker-install.sh",
                "merge_type": ""
              },
              {
                "content": "#!/bin/bash\ncat \u003c\u003cEOF \u003e /home/ubuntu/grafana/grafana-compose.yml\nversion: \"3.7\"\n\nvolumes:\n  grafana-data:\n\nservices:\n  grafana:\n      image: grafana/grafana:latest\n      container_name: grafana\n      restart: unless-stopped\n      volumes:\n      - grafana-data:/var/lib/grafana\n      ports:\n      - 3000:3000\nEOF\ndocker compose -f /home/ubuntu/grafana/grafana-compose.yml up -d",
                "content_type": "text/x-shellscript",
                "filename": "grafana-provier.sh",
                "merge_type": ""
              }
            ],
            "rendered": "H4sIAAAAAAAA/7xUX4sbNxB/F/g7TO08JA9aXclDYJMrpIlzBHq90iaF0pYwK413hbWSkEauF/rQr9Gv109Sdr3ru0vakhKIH2xJ8+c38/uN50XwTJ7lmyFSDX1xbCMmVr09knkKTSjeYBou19evr7df37z99uXz739ai/Emf6SUbfA1fFldrMRKSHnXaSWW3C9tjiFbnnyRGXXXk+ensLOOPPZ0udaJkEnugjOUqtytb6PfJPR5R0luvQ7G+raGJ43lOw5T6UxHVkeZO3Iu62Qjr8S17emDKjdfqMZ61WDuRL83NoHqQk+qNMVzUW3CHXr8pG5M0HtK0vrM6Nzna2fzNhpkAu4IMDJE1HtsCaw3dAT0BuaSFksWuZgw+sqWGMoUfv9NDuegXwQAgEapKbHdWY1MeXktaXFofYntfHa5kYkcYSaxgefGwMuJm7/++DND2O2stujg6rsr2NNQn5BPosgIilgrjKz2NCTr2ywmFLnLP3wDHXPMtVIm/OZdQFOdSK906JWzvhzPgsYWfocp83iU0hCmPiSQ4UMENWdpYyvEBvJEysRnokn1kIZakO7C1ODaUAM/Y9Ld5YOHJu7H9DFZz3J8s0yaS6JHkG3rychmuPwvxF8/uqkJ/MFDl5t3M7sgdX4EmbFxtF76ZaLbFnMoSVOunM1cmQV2vMFXoAwdlC/OCbF5Pct9Ugq2vrWe/tegzPOv6fYktbOgg2e0npKpbDjbQh9DJhldaa0fWb9GP07tjI8ZEHzwMoXAUDIlITYvpn0xCXNKA20KJVankqYzGjPb5skbQklTPHD4t8jR3AcDEq8W84nxT9oH806RMYWD/Zz7TSPDs2fbm1ejxP+w5ZbfRYRq6J04LAnXj6snayEOwZWeci0AFneDjLUQmdLB6numevrbA9geW6rhPZzajSuDZ5/zOLwbaTo7z9ZEmTFxDcU7yllmDjGSma13iho/8n5p6oBJOduo+yljSHwn5PHFxUU9fontzSsxyz0zAXL30YyNK0Ka9ydEypX4OwAA//8s04AKXgcAAA=="
          },
          "sensitive_attributes": []
        }
      ]
    },
    {
      "mode": "data",
      "type": "template_cloudinit_config",
      "name": "node_data",
      "provider": "provider[\"registry.terraform.io/hashicorp/template\"]",
      "instances": [
        {
          "schema_version": 0,
          "attributes": {
            "base64_encode": true,
            "gzip": true,
            "id": "1332139963",
            "part": [
              {
                "content": "#!/bin/bash\nmkdir /home/ubuntu/node",
                "content_type": "text/x-shellscript",
                "filename": "create-folder.sh",
                "merge_type": ""
              },
              {
                "content": "#!/bin/bash\n#Update the apt package index and install packages\nsudo apt-get update\nsudo apt-get -y install \\\n    ca-certificates \\\n    curl \\\n    gnupg \\\n    lsb-release\n# Add Docker’s official GPG key:\nsudo mkdir -p /etc/apt/keyrings\ncurl -fsSL https://download.docker.com/linux/ubuntu/gpg | sudo gpg --dearmor -o /etc/apt/keyrings/docker.gpg\n\n# set up the repository:\necho \\\n  \"deb [arch=$(dpkg --print-architecture) signed-by=/etc/apt/keyrings/docker.gpg] https://download.docker.com/linux/ubuntu \\\n  $(lsb_release -cs) stable\" | sudo tee /etc/apt/sources.list.d/docker.list \u003e /dev/null\n\n#Install Docker Engine\nsudo apt-get update\nsudo apt-get -y install docker-ce docker-ce-cli containerd.io docker-compose-plugin\n\n# Manage Docker as a non-root user\n\n#Create the docker group.\nsudo groupadd docker\n# Add your user to the docker group.\nsudo usermod -aG docker ubuntu",
                "content_type": "text/x-shellscript",
                "filename": "docker-install.sh",
                "merge_type": ""
              },
              {
                "content": "#!/bin/bash\ncat \u003c\u003cEOF \u003e /home/ubuntu/node/node-compose.yml\nversion: \"3.7\"\n\nservices:\n  node_exporter:\n      image: quay.io/prometheus/node-exporter:latest\n      container_name: node_exporter\n      restart: unless-stopped\n      ports:\n      - 9100:9100\n      command:\n      - '--path.rootfs=/host'\n      pid: host\n      volumes:\n      - '/:/host:ro,rslave'\nEOF\ndocker compose -f /home/ubuntu/node/node-compose.yml up -d",
                "content_type": "text/x-shellscript",
                "filename": "grafana-provier.sh",
                "merge_type": ""
              }
            ],
            "rendered": "H4sIAAAAAAAA/7xU4YrcNhD+L7h3mO4GLoHKvtAfoU62kOY2R6DXK21SKG05ZGlsi5UlVTParqE/+hp9vT5JsdfeuyS0pATyx0iab76Z+WY8L4Jn9CxfDxEr6LNjG1XisrcHNE+hDtkblYbN6vrV9fbrmzffXj7//qeVGG/yR0xkg6/gcXFxJs6ElPdBZ2LhvrQUA1mesIpZ6a5Hz0+hsQ696nGz0gkVo2yCM5gK6lZ33q+T8tRgkluvg7G+reBJbfkeYEqd8cDlQVKHzpFONvKZuLY9vpfl+rOytr6sFXWi3xmboOxCj2Wus+dc+mDwo0oxQe8wSeuJlXOfrpb1m2gUI3CHoCJDVHqnWgTrDR5AeQNzSouFBGUTRqxskSFP7m+/yeHk9IsAANBKakxsG6sVIy2vOS2A1ufYzmdHtUzoUBGKNTw3Bi4nbf7+8y+C0DRWW+Xg6rsr2OFQHSMfOyIjlMi6VJHLHQ7J+pbEFEU29MM30DFHqsrShN+9C8oUR9ELHfrSWZ8PSzfb2MIfMDGPRykNqtSHBDK8H6GcWdrYCrEGmkSZ9Ew4dT2koRKouzAVuDJYw88q6W7z4KGJu5E+JutZjm+WUXNO+AjIth6NrIfNf0X89YOLmoI/eOiovp3VBanpERCr2uFqqZcR70qkkJNGKpwlLswSdrzBV1Aa3Jc+OyfE+tXc7mOnYOtb6/F/Dco8/xrvTlI7Czp4VtZjMoUNJ1voYyCU0eXW+lH1a+XHqZ3jKwIFPniZQmDIhEmI9YtpWUyNOdJAm0KOxTGl6ayMmW3z5A0hp8kfOPyb52jugwGprhbzUfGP2gdtUo3ySsYU9vZTLjetGJ492968HFv87oqbPov8xdA7sV+oVl8UT1ZCEKa91UiVABjBt3iIITGmavq5AWyvWqzgt6yGwoYyptAjd5jpyH2Cu3FT8Ox0moLbUZ3qbeYZk5BYJa4ge4dEkjjEiGa2jlBacpDw5eOLi2r8nAL0vfLmDnAuZVTcFeMENbQpu0B8vnBZU8H4MN/3weUe77Gfl9XkUKXweSKn9ngutjcvxTwes34gmw9QeFwm0rw7S1KeiX8CAAD//4lsDKOFBwAA"
          },
          "sensitive_attributes": []
        }
      ]
    },
    {
      "mode": "data",
      "type": "template_cloudinit_config",
      "name": "prometheus_data",
      "provider": "provider[\"registry.terraform.io/hashicorp/template\"]",
      "instances": [
        {
          "schema_version": 0,
          "attributes": {
            "base64_encode": true,
            "gzip": true,
            "id": "3808928480",
            "part": [
              {
                "content": "#!/bin/bash\nmkdir /home/ubuntu/prometheus",
                "content_type": "text/x-shellscript",
                "filename": "create-folder.sh",
                "merge_type": ""
              },
              {
                "content": "#!/bin/bash\n#Update the apt package index and install packages\nsudo apt-get update\nsudo apt-get -y install \\\n    ca-certificates \\\n    curl \\\n    gnupg \\\n    lsb-release\n# Add Docker’s official GPG key:\nsudo mkdir -p /etc/apt/keyrings\ncurl -fsSL https://download.docker.com/linux/ubuntu/gpg | sudo gpg --dearmor -o /etc/apt/keyrings/docker.gpg\n\n# set up the repository:\necho \\\n  \"deb [arch=$(dpkg --print-architecture) signed-by=/etc/apt/keyrings/docker.gpg] https://download.docker.com/linux/ubuntu \\\n  $(lsb_release -cs) stable\" | sudo tee /etc/apt/sources.list.d/docker.list \u003e /dev/null\n\n#Install Docker Engine\nsudo apt-get update\nsudo apt-get -y install docker-ce docker-ce-cli containerd.io docker-compose-plugin\n\n# Manage Docker as a non-root user\n\n#Create the docker group.\nsudo groupadd docker\n# Add your user to the docker group.\nsudo usermod -aG docker ubuntu",
                "content_type": "text/x-shellscript",
                "filename": "docker-install.sh",
                "merge_type": ""
              },
              {
                "content": "#!/bin/bash\ncat \u003c\u003cEOF \u003e /home/ubuntu/prometheus/prometheus.yml\nglobal:\n  scrape_interval:     15s \n  evaluation_interval: 15s \n\nscrape_configs:\n  - job_name: 'prometheus'\n    static_configs:\n    - targets: ['10.0.1.207:9090']\n    \nEOF",
                "content_type": "text/x-shellscript",
                "filename": "prometheus-config.sh",
                "merge_type": ""
              },
              {
                "content": "#!/bin/bash\ncat \u003c\u003cEOF \u003e /home/ubuntu/prometheus/prometheus-compose.yml\nversion: \"3.7\"\n\nvolumes:\n  prometheus-data:    \n\nservices:\n\n  prometheus:\n    image: prom/prometheus:latest\n    container_name: prometheus\n    restart: unless-stopped\n    volumes:\n    - ./prometheus.yml:/etc/prometheus/prometheus.yml\n    - prometheus-data:/prometheus\n    ports:\n    - 9090:9090\n    command:\n    - '--config.file=/etc/prometheus/prometheus.yml'\n    - '--storage.tsdb.path=/prometheus'\n    - '--storage.tsdb.retention.time=1y'\n    - '--web.enable-lifecycle'\nEOF\ndocker compose -f /home/ubuntu/prometheus/prometheus-compose.yml up -d",
                "content_type": "text/x-shellscript",
                "filename": "prometheus-provier.sh",
                "merge_type": ""
              }
            ],
            "rendered": "H4sIAAAAAAAA/7xV32octxe+F/gdzm83sMmFZta/Ukwm2UIaOyZQ16VNCiUNRiOdnVVXIwnpzMYDvehr9PX6JEWaGe/GbkJNiu80Ot/5+30689JZQkv8Te+xgrYzpL0IVLb6GtUzqF1nlQj9anbx+uLs28u335+++PGXGUtf/GcMUTtbwXGxPGJHjPND0BGbYp/q6F3UlLGCSMhNi5aewVobtKLF1UwGFIR87YzCUMTNbO/9Jggb1xj4mZVOadtUcFJrOgDk0gmvqbzmcYPGRBm0pyN2oVu8U+X8f2WtbVmLuGHtVukA5ca1WHZ1Z6krfXAt0ga7+EUNKSe3GLi2kYQxD9fR/K1XghBogyA8gRdyKxoEbRVeg7AKxpImS2SxUy5heYMEXXb/+I73N06/MgAAKbjEQHqtpSCM020XJkBjO9+MZxNrHtCgiMjm8EIpOM2z+euPPyO49VpLLQyc/3AOW+yrIfPAC/dQIslSeCq32Adtm8hyFr6OP30HGyIfq7JU7oM1TqhiGHohXVsabbvridPGN/A75MjpyLlCEVoXgLu7GcoxSuMbxuYQ81DyPANm1l3oK4Zy43KDM4U1vBNBblaPHiu/TeF90JZ4utOEkrqATyDqxqLidb/6XMb3/7qpnPzRYxPrq3G6wGV8ApFEbXA29UuI+xaj64LEWBgdqVBT2vQF30CpcFfazhjG5q9Hugem4Mw22uK9hDLqX+L+xKXRIJ0loS0GVWh3Y3OtdxG5N12jbZr6hbBJtWN+EUGAdZYH5wi6iIGx+cu8MjIxQxhogut8MZSUz0Kp0TYqr3ddyP5A7lOeydw6BVycT+Zh4l+0D/ZrhUtn17p5uJUgBcHz52eXrxLJ/7zqDo5F3xrWGFcLUzGAKIPweKUtYdgJU6UXDcdfR2AAuBOmE6nrA3u2sdFtaDWmQBx+c/VVGkYFi326Rd4RkQRpeQhPDiRCgxQreLc4XhbL4rj4//Kkerp8uly8zxB2dvnqv2LFB7fTD/nvuR8t0xvJ9OymsLOvipMZYztnuhbz3A48lCCR+WIsYthpmRAfQYZB61Y0WOXrg4SVSaudhs0+PdqRvz0qmwNGEoEq6KzBGHkk5z2qbDsoLVFa3FJalXfTp4U4eN1uqrxVgHeBblIkfWSRjKW3rbBqMi749PySCFafz77YO0VyQTRYUFR14QVtVuVtDd/FBUwa0c4WpFtcHfcHwA9YF2jTquZGr1H20uAi6ZmNO2fkG/j6nupIfyuubj8Lzo/Y3wEAAP//l/fOyOwJAAA="
          },
          "sensitive_attributes": []
        }
      ]
    },
    {
      "mode": "managed",
      "type": "aws_instance",
      "name": "jenkins-agent",
      "provider": "provider[\"registry.terraform.io/hashicorp/aws\"]",
      "instances": [
        {
          "schema_version": 1,
          "attributes": {
            "ami": "ami-01d08089481510ba2",
            "arn": "arn:aws:ec2:us-east-1:489255658852:instance/i-075d863effbe73c1d",
            "associate_public_ip_address": false,
            "availability_zone": "us-east-1a",
            "capacity_reservation_specification": [
              {
                "capacity_reservation_preference": "open",
                "capacity_reservation_target": []
              }
            ],
            "cpu_core_count": 1,
            "cpu_threads_per_core": 1,
            "credit_specification": [
              {
                "cpu_credits": "standard"
              }
            ],
            "disable_api_stop": false,
            "disable_api_termination": false,
            "ebs_block_device": [],
            "ebs_optimized": false,
            "enclave_options": [
              {
                "enabled": false
              }
            ],
            "ephemeral_block_device": [],
            "get_password_data": false,
            "hibernation": false,
            "host_id": null,
            "host_resource_group_arn": null,
            "iam_instance_profile": "",
            "id": "i-075d863effbe73c1d",
            "instance_initiated_shutdown_behavior": "stop",
            "instance_state": "stopped",
            "instance_type": "t2.micro",
            "ipv6_address_count": 0,
            "ipv6_addresses": [],
            "key_name": "mykeypair",
            "launch_template": [],
            "maintenance_options": [
              {
                "auto_recovery": "default"
              }
            ],
            "metadata_options": [
              {
                "http_endpoint": "enabled",
                "http_put_response_hop_limit": 1,
                "http_tokens": "optional",
                "instance_metadata_tags": "disabled"
              }
            ],
            "monitoring": false,
            "network_interface": [],
            "outpost_arn": "",
            "password_data": "",
            "placement_group": "",
            "placement_partition_number": null,
            "primary_network_interface_id": "eni-0f5168b82c8c8a9da",
            "private_dns": "ip-10-0-1-8.ec2.internal",
            "private_dns_name_options": [
              {
                "enable_resource_name_dns_a_record": false,
                "enable_resource_name_dns_aaaa_record": false,
                "hostname_type": "ip-name"
              }
            ],
            "private_ip": "10.0.1.8",
            "public_dns": "",
            "public_ip": "",
            "root_block_device": [
              {
                "delete_on_termination": true,
                "device_name": "/dev/sda1",
                "encrypted": false,
                "iops": 100,
                "kms_key_id": "",
                "tags": {},
                "throughput": 0,
                "volume_id": "vol-0043206041850191e",
                "volume_size": 8,
                "volume_type": "gp2"
              }
            ],
            "secondary_private_ips": [],
            "security_groups": [],
            "source_dest_check": true,
            "subnet_id": "subnet-0bd76af9963597fd5",
            "tags": {},
            "tags_all": {},
            "tenancy": "default",
            "timeouts": null,
            "user_data": null,
            "user_data_base64": null,
            "user_data_replace_on_change": false,
            "volume_tags": null,
            "vpc_security_group_ids": [
              "sg-0e317118bd01378be"
            ]
          },
          "sensitive_attributes": [],
          "private": "eyJlMmJmYjczMC1lY2FhLTExZTYtOGY4OC0zNDM2M2JjN2M0YzAiOnsiY3JlYXRlIjo2MDAwMDAwMDAwMDAsImRlbGV0ZSI6MTIwMDAwMDAwMDAwMCwidXBkYXRlIjo2MDAwMDAwMDAwMDB9LCJzY2hlbWFfdmVyc2lvbiI6IjEifQ==",
          "dependencies": [
            "aws_key_pair.mykeypair",
            "aws_security_group.allow-ssh",
            "aws_subnet.main-public-jenkins",
            "aws_vpc.jenkins-vpc"
          ]
        }
      ]
    },
    {
      "mode": "managed",
      "type": "aws_instance",
      "name": "jenkins-master",
      "provider": "provider[\"registry.terraform.io/hashicorp/aws\"]",
      "instances": [
        {
          "schema_version": 1,
          "attributes": {
            "ami": "ami-01d08089481510ba2",
            "arn": "arn:aws:ec2:us-east-1:489255658852:instance/i-0da6f081fffd17595",
            "associate_public_ip_address": false,
            "availability_zone": "us-east-1a",
            "capacity_reservation_specification": [
              {
                "capacity_reservation_preference": "open",
                "capacity_reservation_target": []
              }
            ],
            "cpu_core_count": 1,
            "cpu_threads_per_core": 1,
            "credit_specification": [
              {
                "cpu_credits": "standard"
              }
            ],
            "disable_api_stop": false,
            "disable_api_termination": false,
            "ebs_block_device": [],
            "ebs_optimized": false,
            "enclave_options": [
              {
                "enabled": false
              }
            ],
            "ephemeral_block_device": [],
            "get_password_data": false,
            "hibernation": false,
            "host_id": null,
            "host_resource_group_arn": null,
            "iam_instance_profile": "",
            "id": "i-0da6f081fffd17595",
            "instance_initiated_shutdown_behavior": "stop",
            "instance_state": "stopped",
            "instance_type": "t2.micro",
            "ipv6_address_count": 0,
            "ipv6_addresses": [],
            "key_name": "mykeypair",
            "launch_template": [],
            "maintenance_options": [
              {
                "auto_recovery": "default"
              }
            ],
            "metadata_options": [
              {
                "http_endpoint": "enabled",
                "http_put_response_hop_limit": 1,
                "http_tokens": "optional",
                "instance_metadata_tags": "disabled"
              }
            ],
            "monitoring": false,
            "network_interface": [],
            "outpost_arn": "",
            "password_data": "",
            "placement_group": "",
            "placement_partition_number": null,
            "primary_network_interface_id": "eni-086e0084aab4eafec",
            "private_dns": "ip-10-0-1-224.ec2.internal",
            "private_dns_name_options": [
              {
                "enable_resource_name_dns_a_record": false,
                "enable_resource_name_dns_aaaa_record": false,
                "hostname_type": "ip-name"
              }
            ],
            "private_ip": "10.0.1.224",
            "public_dns": "",
            "public_ip": "",
            "root_block_device": [
              {
                "delete_on_termination": true,
                "device_name": "/dev/sda1",
                "encrypted": false,
                "iops": 100,
                "kms_key_id": "",
                "tags": {},
                "throughput": 0,
                "volume_id": "vol-0222c00606196527d",
                "volume_size": 8,
                "volume_type": "gp2"
              }
            ],
            "secondary_private_ips": [],
            "security_groups": [],
            "source_dest_check": true,
            "subnet_id": "subnet-0bd76af9963597fd5",
            "tags": {},
            "tags_all": {},
            "tenancy": "default",
            "timeouts": null,
            "user_data": null,
            "user_data_base64": null,
            "user_data_replace_on_change": false,
            "volume_tags": null,
            "vpc_security_group_ids": [
              "sg-0e317118bd01378be"
            ]
          },
          "sensitive_attributes": [],
          "private": "eyJlMmJmYjczMC1lY2FhLTExZTYtOGY4OC0zNDM2M2JjN2M0YzAiOnsiY3JlYXRlIjo2MDAwMDAwMDAwMDAsImRlbGV0ZSI6MTIwMDAwMDAwMDAwMCwidXBkYXRlIjo2MDAwMDAwMDAwMDB9LCJzY2hlbWFfdmVyc2lvbiI6IjEifQ==",
          "dependencies": [
            "aws_key_pair.mykeypair",
            "aws_security_group.allow-ssh",
            "aws_subnet.main-public-jenkins",
            "aws_vpc.jenkins-vpc"
          ]
        }
      ]
    },
    {
      "mode": "managed",
      "type": "aws_instance",
      "name": "node-exporter-instance",
      "provider": "provider[\"registry.terraform.io/hashicorp/aws\"]",
      "instances": [
        {
          "schema_version": 1,
          "attributes": {
            "ami": "ami-01d08089481510ba2",
            "arn": "arn:aws:ec2:us-east-1:489255658852:instance/i-0d9e9672c9f788333",
            "associate_public_ip_address": true,
            "availability_zone": "us-east-1a",
            "capacity_reservation_specification": [
              {
                "capacity_reservation_preference": "open",
                "capacity_reservation_target": []
              }
            ],
            "cpu_core_count": 1,
            "cpu_threads_per_core": 1,
            "credit_specification": [
              {
                "cpu_credits": "standard"
              }
            ],
            "disable_api_stop": false,
            "disable_api_termination": false,
            "ebs_block_device": [],
            "ebs_optimized": false,
            "enclave_options": [
              {
                "enabled": false
              }
            ],
            "ephemeral_block_device": [],
            "get_password_data": false,
            "hibernation": false,
            "host_id": null,
            "host_resource_group_arn": null,
            "iam_instance_profile": "",
            "id": "i-0d9e9672c9f788333",
            "instance_initiated_shutdown_behavior": "stop",
            "instance_state": "running",
            "instance_type": "t2.micro",
            "ipv6_address_count": 0,
            "ipv6_addresses": [],
            "key_name": "mykeypair",
            "launch_template": [],
            "maintenance_options": [
              {
                "auto_recovery": "default"
              }
            ],
            "metadata_options": [
              {
                "http_endpoint": "enabled",
                "http_put_response_hop_limit": 1,
                "http_tokens": "optional",
                "instance_metadata_tags": "disabled"
              }
            ],
            "monitoring": false,
            "network_interface": [],
            "outpost_arn": "",
            "password_data": "",
            "placement_group": "",
            "placement_partition_number": null,
            "primary_network_interface_id": "eni-0741d0e665a4cfad2",
            "private_dns": "ip-10-0-1-63.ec2.internal",
            "private_dns_name_options": [
              {
                "enable_resource_name_dns_a_record": false,
                "enable_resource_name_dns_aaaa_record": false,
                "hostname_type": "ip-name"
              }
            ],
            "private_ip": "10.0.1.63",
            "public_dns": "ec2-34-201-29-220.compute-1.amazonaws.com",
            "public_ip": "34.201.29.220",
            "root_block_device": [
              {
                "delete_on_termination": true,
                "device_name": "/dev/sda1",
                "encrypted": false,
                "iops": 100,
                "kms_key_id": "",
                "tags": {},
                "throughput": 0,
                "volume_id": "vol-0607bfd3dcb0a3e08",
                "volume_size": 8,
                "volume_type": "gp2"
              }
            ],
            "secondary_private_ips": [],
            "security_groups": [],
            "source_dest_check": true,
            "subnet_id": "subnet-0bd76af9963597fd5",
            "tags": {
              "Name": "Node Exporter server"
            },
            "tags_all": {
              "Name": "Node Exporter server"
            },
            "tenancy": "default",
            "timeouts": null,
            "user_data": "cf824c93a29fb458dc58df6e22d5964446b9514b",
            "user_data_base64": null,
            "user_data_replace_on_change": false,
            "volume_tags": null,
            "vpc_security_group_ids": [
              "sg-01706217e3cffab3d"
            ]
          },
          "sensitive_attributes": [],
          "private": "eyJlMmJmYjczMC1lY2FhLTExZTYtOGY4OC0zNDM2M2JjN2M0YzAiOnsiY3JlYXRlIjo2MDAwMDAwMDAwMDAsImRlbGV0ZSI6MTIwMDAwMDAwMDAwMCwidXBkYXRlIjo2MDAwMDAwMDAwMDB9LCJzY2hlbWFfdmVyc2lvbiI6IjEifQ==",
          "dependencies": [
            "aws_key_pair.mykeypair",
            "aws_security_group.public-tools-sg",
            "aws_subnet.main-public-jenkins",
            "aws_vpc.jenkins-vpc",
            "data.template_cloudinit_config.node_data"
          ]
        }
      ]
    },
    {
      "mode": "managed",
      "type": "aws_instance",
      "name": "sonarqube-instance",
      "provider": "provider[\"registry.terraform.io/hashicorp/aws\"]",
      "instances": [
        {
          "schema_version": 1,
          "attributes": {
            "ami": "ami-01d08089481510ba2",
            "arn": "arn:aws:ec2:us-east-1:489255658852:instance/i-0d31d35b9f3b8ea0b",
            "associate_public_ip_address": false,
            "availability_zone": "us-east-1a",
            "capacity_reservation_specification": [
              {
                "capacity_reservation_preference": "open",
                "capacity_reservation_target": []
              }
            ],
            "cpu_core_count": 2,
            "cpu_threads_per_core": 1,
            "credit_specification": [
              {
                "cpu_credits": "standard"
              }
            ],
            "disable_api_stop": false,
            "disable_api_termination": false,
            "ebs_block_device": [],
            "ebs_optimized": false,
            "enclave_options": [
              {
                "enabled": false
              }
            ],
            "ephemeral_block_device": [],
            "get_password_data": false,
            "hibernation": false,
            "host_id": null,
            "host_resource_group_arn": null,
            "iam_instance_profile": "",
            "id": "i-0d31d35b9f3b8ea0b",
            "instance_initiated_shutdown_behavior": "stop",
            "instance_state": "stopped",
            "instance_type": "t2.medium",
            "ipv6_address_count": 0,
            "ipv6_addresses": [],
            "key_name": "mykeypair",
            "launch_template": [],
            "maintenance_options": [
              {
                "auto_recovery": "default"
              }
            ],
            "metadata_options": [
              {
                "http_endpoint": "enabled",
                "http_put_response_hop_limit": 1,
                "http_tokens": "optional",
                "instance_metadata_tags": "disabled"
              }
            ],
            "monitoring": false,
            "network_interface": [],
            "outpost_arn": "",
            "password_data": "",
            "placement_group": "",
            "placement_partition_number": null,
            "primary_network_interface_id": "eni-01d59f78eafbfd73d",
            "private_dns": "ip-10-0-1-52.ec2.internal",
            "private_dns_name_options": [
              {
                "enable_resource_name_dns_a_record": false,
                "enable_resource_name_dns_aaaa_record": false,
                "hostname_type": "ip-name"
              }
            ],
            "private_ip": "10.0.1.52",
            "public_dns": "",
            "public_ip": "",
            "root_block_device": [
              {
                "delete_on_termination": true,
                "device_name": "/dev/sda1",
                "encrypted": false,
                "iops": 100,
                "kms_key_id": "",
                "tags": {},
                "throughput": 0,
                "volume_id": "vol-07abe27513d4b8296",
                "volume_size": 8,
                "volume_type": "gp2"
              }
            ],
            "secondary_private_ips": [],
            "security_groups": [],
            "source_dest_check": true,
            "subnet_id": "subnet-0bd76af9963597fd5",
            "tags": {},
            "tags_all": {},
            "tenancy": "default",
            "timeouts": null,
            "user_data": null,
            "user_data_base64": null,
            "user_data_replace_on_change": false,
            "volume_tags": null,
            "vpc_security_group_ids": [
              "sg-01e6e54f5ecac5adb"
            ]
          },
          "sensitive_attributes": [],
          "private": "eyJlMmJmYjczMC1lY2FhLTExZTYtOGY4OC0zNDM2M2JjN2M0YzAiOnsiY3JlYXRlIjo2MDAwMDAwMDAwMDAsImRlbGV0ZSI6MTIwMDAwMDAwMDAwMCwidXBkYXRlIjo2MDAwMDAwMDAwMDB9LCJzY2hlbWFfdmVyc2lvbiI6IjEifQ==",
          "dependencies": [
            "aws_key_pair.mykeypair",
            "aws_security_group.sonarqube-sg",
            "aws_subnet.main-public-jenkins",
            "aws_vpc.jenkins-vpc"
          ]
        }
      ]
    },
    {
      "mode": "managed",
      "type": "aws_internet_gateway",
      "name": "main-gw",
      "provider": "provider[\"registry.terraform.io/hashicorp/aws\"]",
      "instances": [
        {
          "schema_version": 0,
          "attributes": {
            "arn": "arn:aws:ec2:us-east-1:489255658852:internet-gateway/igw-0a36f36be16fc0c65",
            "id": "igw-0a36f36be16fc0c65",
            "owner_id": "489255658852",
            "tags": {
              "Name": "main"
            },
            "tags_all": {
              "Name": "main"
            },
            "timeouts": null,
            "vpc_id": "vpc-02a053e29736afb41"
          },
          "sensitive_attributes": [],
          "private": "eyJlMmJmYjczMC1lY2FhLTExZTYtOGY4OC0zNDM2M2JjN2M0YzAiOnsiY3JlYXRlIjoxMjAwMDAwMDAwMDAwLCJkZWxldGUiOjEyMDAwMDAwMDAwMDAsInVwZGF0ZSI6MTIwMDAwMDAwMDAwMH19",
          "dependencies": [
            "aws_vpc.jenkins-vpc"
          ]
        }
      ]
    },
    {
      "mode": "managed",
      "type": "aws_key_pair",
      "name": "mykeypair",
      "provider": "provider[\"registry.terraform.io/hashicorp/aws\"]",
      "instances": [
        {
          "schema_version": 1,
          "attributes": {
            "arn": "arn:aws:ec2:us-east-1:489255658852:key-pair/mykeypair",
            "fingerprint": "b0:16:3e:73:19:9b:ec:c5:1e:17:cd:26:c8:7c:04:91",
            "id": "mykeypair",
            "key_name": "mykeypair",
            "key_name_prefix": "",
            "key_pair_id": "key-0523bc977559df865",
            "key_type": "rsa",
            "public_key": "ssh-rsa AAAAB3NzaC1yc2EAAAADAQABAAABgQDBKAZnCMbtXP8dLjompIpQctBcuP9GpIAmK7VpywSfZx7Qms1fRYjEzKugdxN63zPfNE1Jc+gEwBCpArMnXP8ekcP1tCn58UfjavRsGpCqMZXq9LYVorEXPw8yspwZ54HCWjRfbUQTMAbyTT5D9goVooSzZs3RAlKFitdLegavTjFkvaaM3+LxFe9eraacQuk+FlFD+lbikM2D7nwSZaF6MrE99PXBdXaW2VqtlHcAqfawqJvLI/mq/0+6WYIAnYO0jzQIaWf4a4KyQsb6GXSmUt7k2OEnZnNxJ/MI4gmSCHtik6lJ/1FNB0gsWNdqMEvW0D5ySR1SD4SHihdnnKtgVZ423ahJBrETvJmjcPKykVoWBAhYo4aQffze5dwUpGg8LGp7VOwRmZ+CGC4C2LVMgIhwuD/pfx9fNCaHl7yRvcCClnz5YHyLTV+IScFMI+fYfvkGtq9WZ7SNmXUZHor/b0H/iB2vAkE+rLGT3+QchimcBtiE6JGVJw6YAs70htU= piguh@DESKTOP-J9DQS1L",
            "tags": {},
            "tags_all": {}
          },
          "sensitive_attributes": [],
          "private": "eyJzY2hlbWFfdmVyc2lvbiI6IjEifQ=="
        }
      ]
    },
    {
      "mode": "managed",
      "type": "aws_route_table",
      "name": "main-public",
      "provider": "provider[\"registry.terraform.io/hashicorp/aws\"]",
      "instances": [
        {
          "schema_version": 0,
          "attributes": {
            "arn": "arn:aws:ec2:us-east-1:489255658852:route-table/rtb-094d26551972d754b",
            "id": "rtb-094d26551972d754b",
            "owner_id": "489255658852",
            "propagating_vgws": [],
            "route": [
              {
                "carrier_gateway_id": "",
                "cidr_block": "0.0.0.0/0",
                "core_network_arn": "",
                "destination_prefix_list_id": "",
                "egress_only_gateway_id": "",
                "gateway_id": "igw-0a36f36be16fc0c65",
                "instance_id": "",
                "ipv6_cidr_block": "",
                "local_gateway_id": "",
                "nat_gateway_id": "",
                "network_interface_id": "",
                "transit_gateway_id": "",
                "vpc_endpoint_id": "",
                "vpc_peering_connection_id": ""
              }
            ],
            "tags": {
              "Name": "main-public-jenkins"
            },
            "tags_all": {
              "Name": "main-public-jenkins"
            },
            "timeouts": null,
            "vpc_id": "vpc-02a053e29736afb41"
          },
          "sensitive_attributes": [],
          "private": "eyJlMmJmYjczMC1lY2FhLTExZTYtOGY4OC0zNDM2M2JjN2M0YzAiOnsiY3JlYXRlIjozMDAwMDAwMDAwMDAsImRlbGV0ZSI6MzAwMDAwMDAwMDAwLCJ1cGRhdGUiOjEyMDAwMDAwMDAwMH19",
          "dependencies": [
            "aws_internet_gateway.main-gw",
            "aws_vpc.jenkins-vpc"
          ]
        }
      ]
    },
    {
      "mode": "managed",
      "type": "aws_route_table_association",
      "name": "main-public-jenkins-a",
      "provider": "provider[\"registry.terraform.io/hashicorp/aws\"]",
      "instances": [
        {
          "schema_version": 0,
          "attributes": {
            "gateway_id": "",
            "id": "rtbassoc-0762fe8bb79cb2990",
            "route_table_id": "rtb-094d26551972d754b",
            "subnet_id": "subnet-0bd76af9963597fd5"
          },
          "sensitive_attributes": [],
          "private": "bnVsbA==",
          "dependencies": [
            "aws_internet_gateway.main-gw",
            "aws_route_table.main-public",
            "aws_subnet.main-public-jenkins",
            "aws_vpc.jenkins-vpc"
          ]
        }
      ]
    },
    {
      "mode": "managed",
      "type": "aws_security_group",
      "name": "allow-ssh",
      "provider": "provider[\"registry.terraform.io/hashicorp/aws\"]",
      "instances": [
        {
          "schema_version": 1,
          "attributes": {
            "arn": "arn:aws:ec2:us-east-1:489255658852:security-group/sg-0e317118bd01378be",
            "description": "security group that allows ssh and all egress traffic",
            "egress": [
              {
                "cidr_blocks": [
                  "0.0.0.0/0"
                ],
                "description": "",
                "from_port": 0,
                "ipv6_cidr_blocks": [],
                "prefix_list_ids": [],
                "protocol": "-1",
                "security_groups": [],
                "self": false,
                "to_port": 0
              }
            ],
            "id": "sg-0e317118bd01378be",
            "ingress": [
              {
                "cidr_blocks": [
                  "0.0.0.0/0"
                ],
                "description": "",
                "from_port": 22,
                "ipv6_cidr_blocks": [],
                "prefix_list_ids": [],
                "protocol": "tcp",
                "security_groups": [],
                "self": false,
                "to_port": 22
              },
              {
                "cidr_blocks": [
                  "0.0.0.0/0"
                ],
                "description": "",
                "from_port": 8080,
                "ipv6_cidr_blocks": [],
                "prefix_list_ids": [],
                "protocol": "tcp",
                "security_groups": [],
                "self": false,
                "to_port": 8080
              }
            ],
            "name": "allow-ssh",
            "name_prefix": "",
            "owner_id": "489255658852",
            "revoke_rules_on_delete": false,
            "tags": {
              "Name": "allow-ssh"
            },
            "tags_all": {
              "Name": "allow-ssh"
            },
            "timeouts": null,
            "vpc_id": "vpc-02a053e29736afb41"
          },
          "sensitive_attributes": [],
          "private": "eyJlMmJmYjczMC1lY2FhLTExZTYtOGY4OC0zNDM2M2JjN2M0YzAiOnsiY3JlYXRlIjo2MDAwMDAwMDAwMDAsImRlbGV0ZSI6OTAwMDAwMDAwMDAwfSwic2NoZW1hX3ZlcnNpb24iOiIxIn0=",
          "dependencies": [
            "aws_vpc.jenkins-vpc"
          ]
        }
      ]
    },
    {
      "mode": "managed",
      "type": "aws_security_group",
      "name": "prometheus-sg",
      "provider": "provider[\"registry.terraform.io/hashicorp/aws\"]",
      "instances": [
        {
          "schema_version": 1,
          "attributes": {
            "arn": "arn:aws:ec2:us-east-1:489255658852:security-group/sg-0b68ad0ad9926d68d",
            "description": "security group that allows ssh and all egress traffic",
            "egress": [
              {
                "cidr_blocks": [
                  "0.0.0.0/0"
                ],
                "description": "",
                "from_port": 0,
                "ipv6_cidr_blocks": [],
                "prefix_list_ids": [],
                "protocol": "-1",
                "security_groups": [],
                "self": false,
                "to_port": 0
              }
            ],
            "id": "sg-0b68ad0ad9926d68d",
            "ingress": [
              {
                "cidr_blocks": [
                  "0.0.0.0/0"
                ],
                "description": "",
                "from_port": 22,
                "ipv6_cidr_blocks": [],
                "prefix_list_ids": [],
                "protocol": "tcp",
                "security_groups": [],
                "self": false,
                "to_port": 22
              },
              {
                "cidr_blocks": [
                  "0.0.0.0/0"
                ],
                "description": "",
                "from_port": 9090,
                "ipv6_cidr_blocks": [],
                "prefix_list_ids": [],
                "protocol": "tcp",
                "security_groups": [],
                "self": false,
                "to_port": 9090
              }
            ],
            "name": "allow Prometheus comunication",
            "name_prefix": "",
            "owner_id": "489255658852",
            "revoke_rules_on_delete": false,
            "tags": {
              "Name": "Prometheus-sg"
            },
            "tags_all": {
              "Name": "Prometheus-sg"
            },
            "timeouts": null,
            "vpc_id": "vpc-02a053e29736afb41"
          },
          "sensitive_attributes": [],
          "private": "eyJlMmJmYjczMC1lY2FhLTExZTYtOGY4OC0zNDM2M2JjN2M0YzAiOnsiY3JlYXRlIjo2MDAwMDAwMDAwMDAsImRlbGV0ZSI6OTAwMDAwMDAwMDAwfSwic2NoZW1hX3ZlcnNpb24iOiIxIn0=",
          "dependencies": [
            "aws_vpc.jenkins-vpc"
          ]
        }
      ]
    },
    {
      "mode": "managed",
      "type": "aws_security_group",
      "name": "public-tools-sg",
      "provider": "provider[\"registry.terraform.io/hashicorp/aws\"]",
      "instances": [
        {
          "schema_version": 1,
          "attributes": {
            "arn": "arn:aws:ec2:us-east-1:489255658852:security-group/sg-01706217e3cffab3d",
            "description": "security group that allows ssh and all egress traffic",
            "egress": [
              {
                "cidr_blocks": [
                  "0.0.0.0/0"
                ],
                "description": "",
                "from_port": 0,
                "ipv6_cidr_blocks": [],
                "prefix_list_ids": [],
                "protocol": "-1",
                "security_groups": [],
                "self": false,
                "to_port": 0
              }
            ],
            "id": "sg-01706217e3cffab3d",
            "ingress": [
              {
                "cidr_blocks": [
                  "0.0.0.0/0"
                ],
                "description": "Allow SSH traffic",
                "from_port": 22,
                "ipv6_cidr_blocks": [],
                "prefix_list_ids": [],
                "protocol": "tcp",
                "security_groups": [],
                "self": false,
                "to_port": 22
              },
              {
                "cidr_blocks": [
                  "0.0.0.0/0"
                ],
                "description": "Grafana Port",
                "from_port": 3000,
                "ipv6_cidr_blocks": [],
                "prefix_list_ids": [],
                "protocol": "tcp",
                "security_groups": [],
                "self": false,
                "to_port": 3000
              },
              {
                "cidr_blocks": [
                  "0.0.0.0/0"
                ],
                "description": "Jenkins Port",
                "from_port": 8080,
                "ipv6_cidr_blocks": [],
                "prefix_list_ids": [],
                "protocol": "tcp",
                "security_groups": [],
                "self": false,
                "to_port": 8080
              },
              {
                "cidr_blocks": [
                  "0.0.0.0/0"
                ],
                "description": "Node Exporter Port",
                "from_port": 9100,
                "ipv6_cidr_blocks": [],
                "prefix_list_ids": [],
                "protocol": "tcp",
                "security_groups": [],
                "self": false,
                "to_port": 9100
              },
              {
                "cidr_blocks": [
                  "0.0.0.0/0"
                ],
                "description": "Prometheus Port",
                "from_port": 9090,
                "ipv6_cidr_blocks": [],
                "prefix_list_ids": [],
                "protocol": "tcp",
                "security_groups": [],
                "self": false,
                "to_port": 9090
              },
              {
                "cidr_blocks": [
                  "0.0.0.0/0"
                ],
                "description": "Sonarqube Port",
                "from_port": 9000,
                "ipv6_cidr_blocks": [],
                "prefix_list_ids": [],
                "protocol": "tcp",
                "security_groups": [],
                "self": false,
                "to_port": 9000
              }
            ],
            "name": "security group for tools",
            "name_prefix": "",
            "owner_id": "489255658852",
            "revoke_rules_on_delete": false,
            "tags": {
              "Name": "Prometheus-sg"
            },
            "tags_all": {
              "Name": "Prometheus-sg"
            },
            "timeouts": null,
            "vpc_id": "vpc-02a053e29736afb41"
          },
          "sensitive_attributes": [],
          "private": "eyJlMmJmYjczMC1lY2FhLTExZTYtOGY4OC0zNDM2M2JjN2M0YzAiOnsiY3JlYXRlIjo2MDAwMDAwMDAwMDAsImRlbGV0ZSI6OTAwMDAwMDAwMDAwfSwic2NoZW1hX3ZlcnNpb24iOiIxIn0=",
          "dependencies": [
            "aws_vpc.jenkins-vpc"
          ]
        }
      ]
    },
    {
      "mode": "managed",
      "type": "aws_security_group",
      "name": "sonarqube-sg",
      "provider": "provider[\"registry.terraform.io/hashicorp/aws\"]",
      "instances": [
        {
          "schema_version": 1,
          "attributes": {
            "arn": "arn:aws:ec2:us-east-1:489255658852:security-group/sg-01e6e54f5ecac5adb",
            "description": "security group that allows ssh and all egress traffic",
            "egress": [
              {
                "cidr_blocks": [
                  "0.0.0.0/0"
                ],
                "description": "",
                "from_port": 0,
                "ipv6_cidr_blocks": [],
                "prefix_list_ids": [],
                "protocol": "-1",
                "security_groups": [],
                "self": false,
                "to_port": 0
              }
            ],
            "id": "sg-01e6e54f5ecac5adb",
            "ingress": [
              {
                "cidr_blocks": [
                  "0.0.0.0/0"
                ],
                "description": "",
                "from_port": 22,
                "ipv6_cidr_blocks": [],
                "prefix_list_ids": [],
                "protocol": "tcp",
                "security_groups": [],
                "self": false,
                "to_port": 22
              },
              {
                "cidr_blocks": [
                  "0.0.0.0/0"
                ],
                "description": "",
                "from_port": 9000,
                "ipv6_cidr_blocks": [],
                "prefix_list_ids": [],
                "protocol": "tcp",
                "security_groups": [],
                "self": false,
                "to_port": 9000
              }
            ],
            "name": "allow Sonarqube comunication",
            "name_prefix": "",
            "owner_id": "489255658852",
            "revoke_rules_on_delete": false,
            "tags": {
              "Name": "sonarqube-sg"
            },
            "tags_all": {
              "Name": "sonarqube-sg"
            },
            "timeouts": null,
            "vpc_id": "vpc-02a053e29736afb41"
          },
          "sensitive_attributes": [],
          "private": "eyJlMmJmYjczMC1lY2FhLTExZTYtOGY4OC0zNDM2M2JjN2M0YzAiOnsiY3JlYXRlIjo2MDAwMDAwMDAwMDAsImRlbGV0ZSI6OTAwMDAwMDAwMDAwfSwic2NoZW1hX3ZlcnNpb24iOiIxIn0=",
          "dependencies": [
            "aws_vpc.jenkins-vpc"
          ]
        }
      ]
    },
    {
      "mode": "managed",
      "type": "aws_subnet",
      "name": "main-private-1",
      "provider": "provider[\"registry.terraform.io/hashicorp/aws\"]",
      "instances": [
        {
          "schema_version": 1,
          "attributes": {
            "arn": "arn:aws:ec2:us-east-1:489255658852:subnet/subnet-002976a0312076bd4",
            "assign_ipv6_address_on_creation": false,
            "availability_zone": "us-east-1a",
            "availability_zone_id": "use1-az1",
            "cidr_block": "10.0.4.0/24",
            "customer_owned_ipv4_pool": "",
            "enable_dns64": false,
            "enable_resource_name_dns_a_record_on_launch": false,
            "enable_resource_name_dns_aaaa_record_on_launch": false,
            "id": "subnet-002976a0312076bd4",
            "ipv6_cidr_block": "",
            "ipv6_cidr_block_association_id": "",
            "ipv6_native": false,
            "map_customer_owned_ip_on_launch": false,
            "map_public_ip_on_launch": false,
            "outpost_arn": "",
            "owner_id": "489255658852",
            "private_dns_hostname_type_on_launch": "ip-name",
            "tags": {
              "Name": "main-private-1"
            },
            "tags_all": {
              "Name": "main-private-1"
            },
            "timeouts": null,
            "vpc_id": "vpc-02a053e29736afb41"
          },
          "sensitive_attributes": [],
          "private": "eyJlMmJmYjczMC1lY2FhLTExZTYtOGY4OC0zNDM2M2JjN2M0YzAiOnsiY3JlYXRlIjo2MDAwMDAwMDAwMDAsImRlbGV0ZSI6MTIwMDAwMDAwMDAwMH0sInNjaGVtYV92ZXJzaW9uIjoiMSJ9",
          "dependencies": [
            "aws_vpc.jenkins-vpc"
          ]
        }
      ]
    },
    {
      "mode": "managed",
      "type": "aws_subnet",
      "name": "main-public-jenkins",
      "provider": "provider[\"registry.terraform.io/hashicorp/aws\"]",
      "instances": [
        {
          "schema_version": 1,
          "attributes": {
            "arn": "arn:aws:ec2:us-east-1:489255658852:subnet/subnet-0bd76af9963597fd5",
            "assign_ipv6_address_on_creation": false,
            "availability_zone": "us-east-1a",
            "availability_zone_id": "use1-az1",
            "cidr_block": "10.0.1.0/24",
            "customer_owned_ipv4_pool": "",
            "enable_dns64": false,
            "enable_resource_name_dns_a_record_on_launch": false,
            "enable_resource_name_dns_aaaa_record_on_launch": false,
            "id": "subnet-0bd76af9963597fd5",
            "ipv6_cidr_block": "",
            "ipv6_cidr_block_association_id": "",
            "ipv6_native": false,
            "map_customer_owned_ip_on_launch": false,
            "map_public_ip_on_launch": true,
            "outpost_arn": "",
            "owner_id": "489255658852",
            "private_dns_hostname_type_on_launch": "ip-name",
            "tags": {
              "Name": "main-public-jenkins"
            },
            "tags_all": {
              "Name": "main-public-jenkins"
            },
            "timeouts": null,
            "vpc_id": "vpc-02a053e29736afb41"
          },
          "sensitive_attributes": [],
          "private": "eyJlMmJmYjczMC1lY2FhLTExZTYtOGY4OC0zNDM2M2JjN2M0YzAiOnsiY3JlYXRlIjo2MDAwMDAwMDAwMDAsImRlbGV0ZSI6MTIwMDAwMDAwMDAwMH0sInNjaGVtYV92ZXJzaW9uIjoiMSJ9",
          "dependencies": [
            "aws_vpc.jenkins-vpc"
          ]
        }
      ]
    },
    {
      "mode": "managed",
      "type": "aws_vpc",
      "name": "jenkins-vpc",
      "provider": "provider[\"registry.terraform.io/hashicorp/aws\"]",
      "instances": [
        {
          "schema_version": 1,
          "attributes": {
            "arn": "arn:aws:ec2:us-east-1:489255658852:vpc/vpc-02a053e29736afb41",
            "assign_generated_ipv6_cidr_block": false,
            "cidr_block": "10.0.0.0/16",
            "default_network_acl_id": "acl-06020b9d75ba06665",
            "default_route_table_id": "rtb-0b227ea44ef7dd974",
            "default_security_group_id": "sg-040fec8bc04bd3ccb",
            "dhcp_options_id": "dopt-025fe27946796b1f6",
            "enable_classiclink": false,
            "enable_classiclink_dns_support": false,
            "enable_dns_hostnames": true,
            "enable_dns_support": true,
            "enable_network_address_usage_metrics": false,
            "id": "vpc-02a053e29736afb41",
            "instance_tenancy": "default",
            "ipv4_ipam_pool_id": null,
            "ipv4_netmask_length": null,
            "ipv6_association_id": "",
            "ipv6_cidr_block": "",
            "ipv6_cidr_block_network_border_group": "",
            "ipv6_ipam_pool_id": "",
            "ipv6_netmask_length": 0,
            "main_route_table_id": "rtb-0b227ea44ef7dd974",
            "owner_id": "489255658852",
            "tags": {
              "Name": "main"
            },
            "tags_all": {
              "Name": "main"
            }
          },
          "sensitive_attributes": [],
          "private": "eyJzY2hlbWFfdmVyc2lvbiI6IjEifQ=="
        }
      ]
    }
  ],
  "check_results": null
}
